{
  "version": 4,
  "terraform_version": "1.15.8",
  "serial": 11,
  "lineage": "3e5c1bc8-ada5-cb9d-f82b-16bf1e643ed2",
  "outputs": {
    "acr_login_server": {
      "value": "acrticketflowdeveliya.azurecr.io",
      "type": "string"
    },
    "aks_cluster_name": {
      "value": "aks-ticketflow-dev",
      "type": "string"
    },
    "resource_group_name": {
      "value": "rg-ticketflow-dev",
      "type": "string"
    }
  },
  "resources": [
    {
      "module": "module.acr",
      "mode": "managed",
      "type": "azurerm_container_registry",
      "name": "this",
      "provider": "provider[\"registry.terraform.io/hashicorp/azurerm\"]",
      "instances": [
        {
          "schema_version": 2,
          "attributes": {
            "admin_enabled": false,
            "admin_password": "",
            "admin_username": "",
            "anonymous_pull_enabled": false,
            "data_endpoint_enabled": false,
            "encryption": [
              {
                "enabled": false,
                "identity_client_id": "",
                "key_vault_key_id": ""
              }
            ],
            "export_policy_enabled": true,
            "georeplications": [],
            "id": "/subscriptions/ce506bd7-f2c1-42b0-a6cb-b4b7f4b3eea8/resourceGroups/rg-ticketflow-dev/providers/Microsoft.ContainerRegistry/registries/acrticketflowdeveliya",
            "identity": [],
            "location": "eastus",
            "login_server": "acrticketflowdeveliya.azurecr.io",
            "name": "acrticketflowdeveliya",
            "network_rule_bypass_option": "AzureServices",
            "network_rule_set": [],
            "public_network_access_enabled": true,
            "quarantine_policy_enabled": false,
            "resource_group_name": "rg-ticketflow-dev",
            "retention_policy": [
              {
                "days": 7,
                "enabled": false
              }
            ],
            "sku": "Basic",
            "tags": {
              "environment": "dev",
              "managed_by": "terraform",
              "project": "ticketflow"
            },
            "timeouts": null,
            "trust_policy": [
              {
                "enabled": false
              }
            ],
            "zone_redundancy_enabled": false
          },
          "sensitive_attributes": [
            [
              {
                "type": "get_attr",
                "value": "admin_password"
              }
            ]
          ],
          "identity_schema_version": 0,
          "private": "eyJlMmJmYjczMC1lY2FhLTExZTYtOGY4OC0zNDM2M2JjN2M0YzAiOnsiY3JlYXRlIjoxODAwMDAwMDAwMDAwLCJkZWxldGUiOjE4MDAwMDAwMDAwMDAsInJlYWQiOjMwMDAwMDAwMDAwMCwidXBkYXRlIjoxODAwMDAwMDAwMDAwfSwic2NoZW1hX3ZlcnNpb24iOiIyIn0=",
          "dependencies": [
            "module.resource_group.azurerm_resource_group.this"
          ]
        }
      ]
    },
    {
      "module": "module.networking",
      "mode": "managed",
      "type": "azurerm_network_security_group",
      "name": "aks",
      "provider": "provider[\"registry.terraform.io/hashicorp/azurerm\"]",
      "instances": [
        {
          "schema_version": 0,
          "attributes": {
            "id": "/subscriptions/ce506bd7-f2c1-42b0-a6cb-b4b7f4b3eea8/resourceGroups/rg-ticketflow-dev/providers/Microsoft.Network/networkSecurityGroups/nsg-aks-dev",
            "location": "eastus",
            "name": "nsg-aks-dev",
            "resource_group_name": "rg-ticketflow-dev",
            "security_rule": [
              {
                "access": "Allow",
                "description": "",
                "destination_address_prefix": "*",
                "destination_address_prefixes": [],
                "destination_application_security_group_ids": [],
                "destination_port_range": "443",
                "destination_port_ranges": [],
                "direction": "Inbound",
                "name": "AllowHTTPS",
                "priority": 100,
                "protocol": "Tcp",
                "source_address_prefix": "*",
                "source_address_prefixes": [],
                "source_application_security_group_ids": [],
                "source_port_range": "*",
                "source_port_ranges": []
              }
            ],
            "tags": {
              "environment": "dev",
              "managed_by": "terraform",
              "project": "ticketflow"
            },
            "timeouts": null
          },
          "sensitive_attributes": [],
          "identity_schema_version": 0,
          "private": "eyJlMmJmYjczMC1lY2FhLTExZTYtOGY4OC0zNDM2M2JjN2M0YzAiOnsiY3JlYXRlIjoxODAwMDAwMDAwMDAwLCJkZWxldGUiOjE4MDAwMDAwMDAwMDAsInJlYWQiOjMwMDAwMDAwMDAwMCwidXBkYXRlIjoxODAwMDAwMDAwMDAwfX0=",
          "dependencies": [
            "module.resource_group.azurerm_resource_group.this"
          ]
        }
      ]
    },
    {
      "module": "module.networking",
      "mode": "managed",
      "type": "azurerm_subnet",
      "name": "aks",
      "provider": "provider[\"registry.terraform.io/hashicorp/azurerm\"]",
      "instances": [
        {
          "schema_version": 0,
          "attributes": {
            "address_prefixes": [
              "10.0.1.0/24"
            ],
            "default_outbound_access_enabled": true,
            "delegation": [],
            "enforce_private_link_endpoint_network_policies": false,
            "enforce_private_link_service_network_policies": false,
            "id": "/subscriptions/ce506bd7-f2c1-42b0-a6cb-b4b7f4b3eea8/resourceGroups/rg-ticketflow-dev/providers/Microsoft.Network/virtualNetworks/vnet-ticketflow-dev/subnets/snet-aks-dev",
            "name": "snet-aks-dev",
            "private_endpoint_network_policies": "Enabled",
            "private_endpoint_network_policies_enabled": true,
            "private_link_service_network_policies_enabled": true,
            "resource_group_name": "rg-ticketflow-dev",
            "service_endpoint_policy_ids": null,
            "service_endpoints": null,
            "timeouts": null,
            "virtual_network_name": "vnet-ticketflow-dev"
          },
          "sensitive_attributes": [],
          "identity_schema_version": 0,
          "private": "eyJlMmJmYjczMC1lY2FhLTExZTYtOGY4OC0zNDM2M2JjN2M0YzAiOnsiY3JlYXRlIjoxODAwMDAwMDAwMDAwLCJkZWxldGUiOjE4MDAwMDAwMDAwMDAsInJlYWQiOjMwMDAwMDAwMDAwMCwidXBkYXRlIjoxODAwMDAwMDAwMDAwfX0=",
          "dependencies": [
            "module.networking.azurerm_virtual_network.this",
            "module.resource_group.azurerm_resource_group.this"
          ]
        }
      ]
    },
    {
      "module": "module.networking",
      "mode": "managed",
      "type": "azurerm_subnet_network_security_group_association",
      "name": "aks",
      "provider": "provider[\"registry.terraform.io/hashicorp/azurerm\"]",
      "instances": [
        {
          "schema_version": 0,
          "attributes": {
            "id": "/subscriptions/ce506bd7-f2c1-42b0-a6cb-b4b7f4b3eea8/resourceGroups/rg-ticketflow-dev/providers/Microsoft.Network/virtualNetworks/vnet-ticketflow-dev/subnets/snet-aks-dev",
            "network_security_group_id": "/subscriptions/ce506bd7-f2c1-42b0-a6cb-b4b7f4b3eea8/resourceGroups/rg-ticketflow-dev/providers/Microsoft.Network/networkSecurityGroups/nsg-aks-dev",
            "subnet_id": "/subscriptions/ce506bd7-f2c1-42b0-a6cb-b4b7f4b3eea8/resourceGroups/rg-ticketflow-dev/providers/Microsoft.Network/virtualNetworks/vnet-ticketflow-dev/subnets/snet-aks-dev",
            "timeouts": null
          },
          "sensitive_attributes": [],
          "identity_schema_version": 0,
          "private": "eyJlMmJmYjczMC1lY2FhLTExZTYtOGY4OC0zNDM2M2JjN2M0YzAiOnsiY3JlYXRlIjoxODAwMDAwMDAwMDAwLCJkZWxldGUiOjE4MDAwMDAwMDAwMDAsInJlYWQiOjMwMDAwMDAwMDAwMH19",
          "dependencies": [
            "module.networking.azurerm_network_security_group.aks",
            "module.networking.azurerm_subnet.aks",
            "module.networking.azurerm_virtual_network.this",
            "module.resource_group.azurerm_resource_group.this"
          ]
        }
      ]
    },
    {
      "module": "module.networking",
      "mode": "managed",
      "type": "azurerm_virtual_network",
      "name": "this",
      "provider": "provider[\"registry.terraform.io/hashicorp/azurerm\"]",
      "instances": [
        {
          "schema_version": 0,
          "attributes": {
            "address_space": [
              "10.0.0.0/16"
            ],
            "bgp_community": "",
            "ddos_protection_plan": [],
            "dns_servers": [],
            "edge_zone": "",
            "encryption": [],
            "flow_timeout_in_minutes": 0,
            "guid": "0870f21d-1c76-4d2a-8a1c-42519c8a7315",
            "id": "/subscriptions/ce506bd7-f2c1-42b0-a6cb-b4b7f4b3eea8/resourceGroups/rg-ticketflow-dev/providers/Microsoft.Network/virtualNetworks/vnet-ticketflow-dev",
            "location": "eastus",
            "name": "vnet-ticketflow-dev",
            "resource_group_name": "rg-ticketflow-dev",
            "subnet": [],
            "tags": {
              "environment": "dev",
              "managed_by": "terraform",
              "project": "ticketflow"
            },
            "timeouts": null
          },
          "sensitive_attributes": [],
          "identity_schema_version": 0,
          "private": "eyJlMmJmYjczMC1lY2FhLTExZTYtOGY4OC0zNDM2M2JjN2M0YzAiOnsiY3JlYXRlIjoxODAwMDAwMDAwMDAwLCJkZWxldGUiOjE4MDAwMDAwMDAwMDAsInJlYWQiOjMwMDAwMDAwMDAwMCwidXBkYXRlIjoxODAwMDAwMDAwMDAwfX0=",
          "dependencies": [
            "module.resource_group.azurerm_resource_group.this"
          ]
        }
      ]
    },
    {
      "module": "module.resource_group",
      "mode": "managed",
      "type": "azurerm_resource_group",
      "name": "this",
      "provider": "provider[\"registry.terraform.io/hashicorp/azurerm\"]",
      "instances": [
        {
          "schema_version": 0,
          "attributes": {
            "id": "/subscriptions/ce506bd7-f2c1-42b0-a6cb-b4b7f4b3eea8/resourceGroups/rg-ticketflow-dev",
            "location": "eastus",
            "managed_by": "",
            "name": "rg-ticketflow-dev",
            "tags": {
              "environment": "dev",
              "managed_by": "terraform",
              "project": "ticketflow"
            },
            "timeouts": null
          },
          "sensitive_attributes": [],
          "identity_schema_version": 0,
          "private": "eyJlMmJmYjczMC1lY2FhLTExZTYtOGY4OC0zNDM2M2JjN2M0YzAiOnsiY3JlYXRlIjo1NDAwMDAwMDAwMDAwLCJkZWxldGUiOjU0MDAwMDAwMDAwMDAsInJlYWQiOjMwMDAwMDAwMDAwMCwidXBkYXRlIjo1NDAwMDAwMDAwMDAwfX0="
        }
      ]
    }
  ],
  "check_results": null
}
